<?xml version="1.0" encoding="utf-8"?>
<Project ToolsVersion="4.0" xmlns="http://schemas.microsoft.com/developer/msbuild/2003">
  <ItemGroup>
    <Filter Include="A1">
      <UniqueIdentifier>{396b6b86-82d4-4655-9d08-2f9f6dfefe72}</UniqueIdentifier>
    </Filter>
    <Filter Include="cipher">
      <UniqueIdentifier>{15ba9e3c-7aa5-4dc7-8430-d7b8e717bcab}</UniqueIdentifier>
    </Filter>
    <Filter Include="stage">
      <UniqueIdentifier>{dd375894-1e18-421f-8ad1-343d5c014816}</UniqueIdentifier>
    </Filter>
    <Filter Include="util">
      <UniqueIdentifier>{3d57f263-b731-4dcb-bd2c-68bdaa5d00bf}</UniqueIdentifier>
    </Filter>
    <Filter Include="parsing">
      <UniqueIdentifier>{820742ac-38df-496d-a38d-654157931577}</UniqueIdentifier>
    </Filter>
  </ItemGroup>
  <ItemGroup>
    <ClCompile Include="src\Main.cpp" />
    <ClCompile Include="src\algorithms\A1\A1.cpp">
      <Filter>A1</Filter>
    </ClCompile>
    <ClCompile Include="src\algorithms\A1\A1Circular32BitShift.cpp">
      <Filter>A1</Filter>
    </ClCompile>
    <ClCompile Include="src\algorithms\A1\A1CombineKey.cpp">
      <Filter>A1</Filter>
    </ClCompile>
    <ClCompile Include="src\algorithms\A1\A1SubBytes.cpp">
      <Filter>A1</Filter>
    </ClCompile>
    <ClCompile Include="src\cipher\DynamicBlockCipher.cpp">
      <Filter>cipher</Filter>
    </ClCompile>
    <ClCompile Include="src\util\HardwareRNG.cpp">
      <Filter>util</Filter>
    </ClCompile>
    <ClCompile Include="src\util\Utils.cpp">
      <Filter>util</Filter>
    </ClCompile>
    <ClCompile Include="src\parsing\parser.cpp">
      <Filter>parsing</Filter>
    </ClCompile>
  </ItemGroup>
  <ItemGroup>
    <ClInclude Include="src\TroyContext.h" />
    <ClInclude Include="src\TroyCrypt.h" />
    <ClInclude Include="src\algorithms\A1\A1.h">
      <Filter>A1</Filter>
    </ClInclude>
    <ClInclude Include="src\algorithms\A1\A1Circular32BitShift.h">
      <Filter>A1</Filter>
    </ClInclude>
    <ClInclude Include="src\algorithms\A1\A1CombineKey.h">
      <Filter>A1</Filter>
    </ClInclude>
    <ClInclude Include="src\algorithms\A1\A1SubBytes.h">
      <Filter>A1</Filter>
    </ClInclude>
    <ClInclude Include="src\cipher\BlockCipher.h">
      <Filter>cipher</Filter>
    </ClInclude>
    <ClInclude Include="src\cipher\ConstantLengthBlockCipher.h">
      <Filter>cipher</Filter>
    </ClInclude>
    <ClInclude Include="src\cipher\DynamicBlockCipher.h">
      <Filter>cipher</Filter>
    </ClInclude>
    <ClInclude Include="src\cipher\TroyCipher.h">
      <Filter>cipher</Filter>
    </ClInclude>
    <ClInclude Include="src\util\HardwareRNG.h">
      <Filter>util</Filter>
    </ClInclude>
    <ClInclude Include="src\util\Utils.h">
      <Filter>util</Filter>
    </ClInclude>
    <ClInclude Include="src\stage\BlockCipherStage.h">
      <Filter>stage</Filter>
    </ClInclude>
    <ClInclude Include="src\stage\BlockCipherSubBytes.h">
      <Filter>stage</Filter>
    </ClInclude>
    <ClInclude Include="src\stage\CipherStage.h">
      <Filter>stage</Filter>
    </ClInclude>
    <ClInclude Include="src\parsing\parser.h">
      <Filter>parsing</Filter>
    </ClInclude>
  </ItemGroup>
</Project>