<?xml version="1.0" encoding="utf-8"?>
<Project ToolsVersion="4.0" xmlns="http://schemas.microsoft.com/developer/msbuild/2003">
  <ItemGroup>
    <Filter Include="A1">
      <UniqueIdentifier>{396b6b86-82d4-4655-9d08-2f9f6dfefe72}</UniqueIdentifier>
    </Filter>
    <Filter Include="cipher">
      <UniqueIdentifier>{15ba9e3c-7aa5-4dc7-8430-d7b8e717bcab}</UniqueIdentifier>
    </Filter>
    <Filter Include="stage">
      <UniqueIdentifier>{dd375894-1e18-421f-8ad1-343d5c014816}</UniqueIdentifier>
    </Filter>
    <Filter Include="util">
      <UniqueIdentifier>{3d57f263-b731-4dcb-bd2c-68bdaa5d00bf}</UniqueIdentifier>
    </Filter>
    <Filter Include="parsing">
      <UniqueIdentifier>{820742ac-38df-496d-a38d-654157931577}</UniqueIdentifier>
    </Filter>
    <Filter Include="key">
      <UniqueIdentifier>{f8a1aaa9-af48-41ef-9f99-96030e6f6203}</UniqueIdentifier>
    </Filter>
    <Filter Include="analysis">
      <UniqueIdentifier>{cc30573c-1173-4971-a31d-4de23886f12c}</UniqueIdentifier>
    </Filter>
    <Filter Include="aes">
      <UniqueIdentifier>{05020c12-6f0c-49ab-bba2-887c8eb56cb4}</UniqueIdentifier>
    </Filter>
  </ItemGroup>
  <ItemGroup>
    <ClCompile Include="src\Main.cpp" />
    <ClCompile Include="src\algorithms\A1\A1.cpp">
      <Filter>A1</Filter>
    </ClCompile>
    <ClCompile Include="src\algorithms\A1\A1CombineKey.cpp">
      <Filter>A1</Filter>
    </ClCompile>
    <ClCompile Include="src\algorithms\A1\A1SubBytes.cpp">
      <Filter>A1</Filter>
    </ClCompile>
    <ClCompile Include="src\util\HardwareRNG.cpp">
      <Filter>util</Filter>
    </ClCompile>
    <ClCompile Include="src\util\Utils.cpp">
      <Filter>util</Filter>
    </ClCompile>
    <ClCompile Include="src\parsing\parser.cpp">
      <Filter>parsing</Filter>
    </ClCompile>
    <ClCompile Include="src\parsing\CipherBuilder.cpp">
      <Filter>parsing</Filter>
    </ClCompile>
    <ClCompile Include="src\cipher\BlockCipher.cpp">
      <Filter>cipher</Filter>
    </ClCompile>
    <ClCompile Include="src\TroyContext.cpp" />
    <ClCompile Include="src\stage\BlockCipherStage.cpp">
      <Filter>stage</Filter>
    </ClCompile>
    <ClCompile Include="src\algorithms\A1\A1KeyCycle.cpp">
      <Filter>A1</Filter>
    </ClCompile>
    <ClCompile Include="src\algorithms\A1\A1Circular64BitShift.cpp">
      <Filter>A1</Filter>
    </ClCompile>
    <ClCompile Include="src\analysis\CryptAnalysis.cpp">
      <Filter>analysis</Filter>
    </ClCompile>
    <ClCompile Include="src\aes\aes.c">
      <Filter>aes</Filter>
    </ClCompile>
    <ClCompile Include="src\aes\AES256.cpp">
      <Filter>aes</Filter>
    </ClCompile>
  </ItemGroup>
  <ItemGroup>
    <ClInclude Include="src\TroyCrypt.h" />
    <ClInclude Include="src\algorithms\A1\A1.h">
      <Filter>A1</Filter>
    </ClInclude>
    <ClInclude Include="src\algorithms\A1\A1CombineKey.h">
      <Filter>A1</Filter>
    </ClInclude>
    <ClInclude Include="src\algorithms\A1\A1SubBytes.h">
      <Filter>A1</Filter>
    </ClInclude>
    <ClInclude Include="src\cipher\BlockCipher.h">
      <Filter>cipher</Filter>
    </ClInclude>
    <ClInclude Include="src\cipher\TroyCipher.h">
      <Filter>cipher</Filter>
    </ClInclude>
    <ClInclude Include="src\util\HardwareRNG.h">
      <Filter>util</Filter>
    </ClInclude>
    <ClInclude Include="src\util\Utils.h">
      <Filter>util</Filter>
    </ClInclude>
    <ClInclude Include="src\stage\BlockCipherStage.h">
      <Filter>stage</Filter>
    </ClInclude>
    <ClInclude Include="src\stage\CipherStage.h">
      <Filter>stage</Filter>
    </ClInclude>
    <ClInclude Include="src\parsing\parser.h">
      <Filter>parsing</Filter>
    </ClInclude>
    <ClInclude Include="src\parsing\CipherBuilder.h">
      <Filter>parsing</Filter>
    </ClInclude>
    <ClInclude Include="src\cipher\CustomBlockCipher.h">
      <Filter>cipher</Filter>
    </ClInclude>
    <ClInclude Include="src\cipher\StockBlockCipher.h">
      <Filter>cipher</Filter>
    </ClInclude>
    <ClInclude Include="src\TroyContext.h" />
    <ClInclude Include="src\key\BlockKeySchedule.h">
      <Filter>key</Filter>
    </ClInclude>
    <ClInclude Include="src\algorithms\A1\A1KeyCycle.h">
      <Filter>A1</Filter>
    </ClInclude>
    <ClInclude Include="src\algorithms\A1\A1Circular64BitShift.h">
      <Filter>A1</Filter>
    </ClInclude>
    <ClInclude Include="src\analysis\CryptAnalysis.h">
      <Filter>analysis</Filter>
    </ClInclude>
    <ClInclude Include="src\aes\aes.h">
      <Filter>aes</Filter>
    </ClInclude>
    <ClInclude Include="src\aes\aes.hpp">
      <Filter>aes</Filter>
    </ClInclude>
    <ClInclude Include="src\aes\AES256.h">
      <Filter>aes</Filter>
    </ClInclude>
  </ItemGroup>
</Project>